
Microsoft Visual Studio Solution File, Format Version 12.00
# Visual Studio Version 17
VisualStudioVersion = 17.13.35825.156 d17.13
MinimumVisualStudioVersion = 10.0.40219.1
Project("{FAE04EC0-301F-11D3-BF4B-00C04F79EFBC}") = "Healthease.API", "Healthease.API\Healthease.API.csproj", "{D83258E7-752C-40C6-B8FF-1895BDD93CCB}"
EndProject
Global
	GlobalSection(SolutionConfigurationPlatforms) = preSolution
		Debug|Any CPU = Debug|Any CPU
		Release|Any CPU = Release|Any CPU
	EndGlobalSection
	GlobalSection(ProjectConfigurationPlatforms) = postSolution
		{D83258E7-752C-40C6-B8FF-1895BDD93CCB}.Debug|Any CPU.ActiveCfg = Debug|Any CPU
		{D83258E7-752C-40C6-B8FF-1895BDD93CCB}.Debug|Any CPU.Build.0 = Debug|Any CPU
		{D83258E7-752C-40C6-B8FF-1895BDD93CCB}.Release|Any CPU.ActiveCfg = Release|Any CPU
		{D83258E7-752C-40C6-B8FF-1895BDD93CCB}.Release|Any CPU.Build.0 = Release|Any CPU
	EndGlobalSection
	GlobalSection(SolutionProperties) = preSolution
		HideSolutionNode = FALSE
	EndGlobalSection
	GlobalSection(ExtensibilityGlobals) = postSolution
		SolutionGuid = {D4897B33-897B-4B67-B047-821AEBA14C59}
	EndGlobalSection
EndGlobal
